
Microsoft Visual Studio Solution File, Format Version 12.00
# 
Project("{FAE04EC0-301F-11D3-BF4B-00C04F79EFBC}") = "CommunityEvent", "CommunityEvent.csproj", "{0FA5D2F1-6E25-4AA3-9B5A-291C26C063AF}"
EndProject
Project("{FAE04EC0-301F-11D3-BF4B-00C04F79EFBC}") = "CommunityEvent.Tests", "CommunityEvent.Tests\CommunityEvent.Tests.csproj", "{D2204AA2-CF44-4CD7-B2B5-18F08360644A}"
EndProject
Global
	GlobalSection(SolutionConfigurationPlatforms) = preSolution
		Debug|Any CPU = Debug|Any CPU
		Release|Any CPU = Release|Any CPU
	EndGlobalSection
	GlobalSection(ProjectConfigurationPlatforms) = postSolution
		{0FA5D2F1-6E25-4AA3-9B5A-291C26C063AF}.Debug|Any CPU.ActiveCfg = Debug|Any CPU
		{0FA5D2F1-6E25-4AA3-9B5A-291C26C063AF}.Debug|Any CPU.Build.0 = Debug|Any CPU
		{0FA5D2F1-6E25-4AA3-9B5A-291C26C063AF}.Release|Any CPU.ActiveCfg = Release|Any CPU
		{0FA5D2F1-6E25-4AA3-9B5A-291C26C063AF}.Release|Any CPU.Build.0 = Release|Any CPU
		{D2204AA2-CF44-4CD7-B2B5-18F08360644A}.Debug|Any CPU.ActiveCfg = Debug|Any CPU
		{D2204AA2-CF44-4CD7-B2B5-18F08360644A}.Debug|Any CPU.Build.0 = Debug|Any CPU
		{D2204AA2-CF44-4CD7-B2B5-18F08360644A}.Release|Any CPU.ActiveCfg = Release|Any CPU
		{D2204AA2-CF44-4CD7-B2B5-18F08360644A}.Release|Any CPU.Build.0 = Release|Any CPU
	EndGlobalSection
EndGlobal
